
Microsoft Visual Studio Solution File, Format Version 12.00
# Visual Studio Version 17
VisualStudioVersion = 17.14.36203.30 d17.14
MinimumVisualStudioVersion = 10.0.40219.1
Project("{FAE04EC0-301F-11D3-BF4B-00C04F79EFBC}") = "ejrc_3if_ em", "ejrc_3if_ em\ejrc_3if_ em.csproj", "{225B23B4-3295-4786-980E-ADF1A3888339}"
EndProject
Global
	GlobalSection(SolutionConfigurationPlatforms) = preSolution
		Debug|Any CPU = Debug|Any CPU
		Release|Any CPU = Release|Any CPU
	EndGlobalSection
	GlobalSection(ProjectConfigurationPlatforms) = postSolution
		{225B23B4-3295-4786-980E-ADF1A3888339}.Debug|Any CPU.ActiveCfg = Debug|Any CPU
		{225B23B4-3295-4786-980E-ADF1A3888339}.Debug|Any CPU.Build.0 = Debug|Any CPU
		{225B23B4-3295-4786-980E-ADF1A3888339}.Release|Any CPU.ActiveCfg = Release|Any CPU
		{225B23B4-3295-4786-980E-ADF1A3888339}.Release|Any CPU.Build.0 = Release|Any CPU
	EndGlobalSection
	GlobalSection(SolutionProperties) = preSolution
		HideSolutionNode = FALSE
	EndGlobalSection
	GlobalSection(ExtensibilityGlobals) = postSolution
		SolutionGuid = {5C3F19B3-43CA-4798-A5FC-E942E9FF79EF}
	EndGlobalSection
EndGlobal
